version = 1
revision = 3
requires-python = ">=3.8"
resolution-markers = [
    "python_full_version >= '3.12'",
    "python_full_version >= '3.10' and python_full_version < '3.12'",
    "python_full_version == '3.9.*'",
    "python_full_version < '3.9'",
]

[manifest]
members = [
    "lb-test-project",
    "logical-brutalism",
]

[[package]]
name = "asgiref"
version = "3.8.1"
source = { registry = "https://pypi.org/simple" }
resolution-markers = [
    "python_full_version < '3.9'",
]
dependencies = [
    { name = "typing-extensions", version = "4.13.2", source = { registry = "https://pypi.org/simple" } },
]
sdist = { url = "https://files.pythonhosted.org/packages/29/38/b3395cc9ad1b56d2ddac9970bc8f4141312dbaec28bc7c218b0dfafd0f42/asgiref-3.8.1.tar.gz", hash = "sha256:c343bd80a0bec947a9860adb4c432ffa7db769836c64238fc34bdc3fec84d590", size = 35186, upload-time = "2024-03-22T14:39:36.863Z" }
wheels = [
    { url = "https://files.pythonhosted.org/packages/39/e3/893e8757be2612e6c266d9bb58ad2e3651524b5b40cf56761e985a28b13e/asgiref-3.8.1-py3-none-any.whl", hash = "sha256:3e1e3ecc849832fe52ccf2cb6686b7a55f82bb1d6aee72a58826471390335e47", size = 23828, upload-time = "2024-03-22T14:39:34.521Z" },
]

[[package]]
name = "asgiref"
version = "3.11.1"
source = { registry = "https://pypi.org/simple" }
resolution-markers = [
    "python_full_version == '3.9.*'",
]
dependencies = [
    { name = "typing-extensions", version = "4.16.0", source = { registry = "https://pypi.org/simple" } },
]
sdist = { url = "https://files.pythonhosted.org/packages/63/40/f03da1264ae8f7cfdbf9146542e5e7e8100a4c66ab48e791df9a03d3f6c0/asgiref-3.11.1.tar.gz", hash = "sha256:5f184dc43b7e763efe848065441eac62229c9f7b0475f41f80e207a114eda4ce", size = 38550, upload-time = "2026-02-03T13:30:14.33Z" }
wheels = [
    { url = "https://files.pythonhosted.org/packages/5c/0a/a72d10ed65068e115044937873362e6e32fab1b7dce0046aeb224682c989/asgiref-3.11.1-py3-none-any.whl", hash = "sha256:e8667a091e69529631969fd45dc268fa79b99c92c5fcdda727757e52146ec133", size = 24345, upload-time = "2026-02-03T13:30:13.039Z" },
]

[[package]]
name = "asgiref"
version = "3.12.1"
source = { registry = "https://pypi.org/simple" }
resolution-markers = [
    "python_full_version >= '3.12'",
    "python_full_version >= '3.10' and python_full_version < '3.12'",
]
dependencies = [
    { name = "typing-extensions", version = "4.16.0", source = { registry = "https://pypi.org/simple" }, marker = "python_full_version < '3.11'" },
]
sdist = { url = "https://files.pythonhosted.org/packages/e6/26/3b59f2bdae5f640389becb1f673cded775287f5fc4f816309d9ca9a3f93d/asgiref-3.12.1.tar.gz", hash = "sha256:59dcb51c272ad209d59bed5708a64a333083e86017d7fcdd67498eeab7784340", size = 42378, upload-time = "2026-07-14T09:56:18.087Z" }
wheels = [
    { url = "https://files.pythonhosted.org/packages/c0/1b/54f4ad77cd8a584fa70746c47df988e002cf1ee1eba43364d46f87803647/asgiref-3.12.1-py3-none-any.whl", hash = "sha256:fe386d1c2bff7259ea95929266d12a8cf9a8b5a1c2598402967d8792e7a7c094", size = 25478, upload-time = "2026-07-14T09:56:16.926Z" },
]

[[package]]
name = "backports-zoneinfo"
version = "0.2.1"
source = { registry = "https://pypi.org/simple" }
sdist = { url = "https://files.pythonhosted.org/packages/ad/85/475e514c3140937cf435954f78dedea1861aeab7662d11de232bdaa90655/backports.zoneinfo-0.2.1.tar.gz", hash = "sha256:fadbfe37f74051d024037f223b8e001611eac868b5c5b06144ef4d8b799862f2", size = 74098, upload-time = "2020-06-23T13:51:22.041Z" }
wheels = [
    { url = "https://files.pythonhosted.org/packages/4a/6d/eca004eeadcbf8bd64cc96feb9e355536147f0577420b44d80c7cac70767/backports.zoneinfo-0.2.1-cp38-cp38-macosx_10_14_x86_64.whl", hash = "sha256:8961c0f32cd0336fb8e8ead11a1f8cd99ec07145ec2931122faaac1c8f7fd987", size = 35816, upload-time = "2020-06-23T13:51:21.244Z" },
    { url = "https://files.pythonhosted.org/packages/c1/8f/9b1b920a6a95652463143943fa3b8c000cb0b932ab463764a6f2a2416560/backports.zoneinfo-0.2.1-cp38-cp38-manylinux1_i686.whl", hash = "sha256:e81b76cace8eda1fca50e345242ba977f9be6ae3945af8d46326d776b4cf78d1", size = 72147, upload-time = "2020-06-23T13:51:17.562Z" },
    { url = "https://files.pythonhosted.org/packages/1a/ab/3e941e3fcf1b7d3ab3d0233194d99d6a0ed6b24f8f956fc81e47edc8c079/backports.zoneinfo-0.2.1-cp38-cp38-manylinux1_x86_64.whl", hash = "sha256:7b0a64cda4145548fed9efc10322770f929b944ce5cee6c0dfe0c87bf4c0c8c9", size = 74033, upload-time = "2020-06-23T13:51:14.592Z" },
    { url = "https://files.pythonhosted.org/packages/c0/34/5fdb0a3a28841d215c255be8fc60b8666257bb6632193c86fd04b63d4a31/backports.zoneinfo-0.2.1-cp38-cp38-win32.whl", hash = "sha256:1b13e654a55cd45672cb54ed12148cd33628f672548f373963b0bff67b217328", size = 36803, upload-time = "2020-06-23T13:51:07.517Z" },
    { url = "https://files.pythonhosted.org/packages/78/cc/e27fd6493bbce8dbea7e6c1bc861fe3d3bc22c4f7c81f4c3befb8ff5bfaf/backports.zoneinfo-0.2.1-cp38-cp38-win_amd64.whl", hash = "sha256:4a0f800587060bf8880f954dbef70de6c11bbe59c673c3d818921f042f9954a6", size = 38967, upload-time = "2020-06-23T13:51:13.735Z" },
]

[[package]]
name = "django"
version = "4.2.30"
source = { registry = "https://pypi.org/simple" }
resolution-markers = [
    "python_full_version == '3.9.*'",
    "python_full_version < '3.9'",
]
dependencies = [
    { name = "asgiref", version = "3.8.1", source = { registry = "https://pypi.org/simple" }, marker = "python_full_version != '3.9.*'" },
    { name = "asgiref", version = "3.11.1", source = { registry = "https://pypi.org/simple" }, marker = "python_full_version == '3.9.*'" },
    { name = "backports-zoneinfo", marker = "python_full_version != '3.9.*'" },
    { name = "sqlparse" },
    { name = "tzdata", marker = "sys_platform == 'win32'" },
]
sdist = { url = "https://files.pythonhosted.org/packages/11/b5/f1a53dc68da6429d6e0345bb848161e2381a2e9f02700148911e8582c2b3/django-4.2.30.tar.gz", hash = "sha256:4ebc7a434e3819db6cf4b399fb5b3f536310a30e8486f08b66886840be84b37c", size = 10468707, upload-time = "2026-04-07T14:05:45.57Z" }
wheels = [
    { url = "https://files.pythonhosted.org/packages/39/b7/a7c96f239cf91313a6589233fed55111c7063b26683b226802732c455dbc/django-4.2.30-py3-none-any.whl", hash = "sha256:4d07aaf1c62f9984842b67c2874ebbf7056a17be253860299b93ae1881faad65", size = 7997231, upload-time = "2026-04-07T14:05:38.241Z" },
]

[[package]]
name = "django"
version = "5.2.16"
source = { registry = "https://pypi.org/simple" }
resolution-markers = [
    "python_full_version >= '3.10' and python_full_version < '3.12'",
]
dependencies = [
    { name = "asgiref", version = "3.12.1", source = { registry = "https://pypi.org/simple" } },
    { name = "sqlparse" },
    { name = "tzdata", marker = "sys_platform == 'win32'" },
]
sdist = { url = "https://files.pythonhosted.org/packages/a9/26/889449d521ae508b26de715954faecd8bcf3f740affb81b2d146a83b42a5/django-5.2.16.tar.gz", hash = "sha256:59ea02020c3136fce14bef0bbece21a10a4febef5eed1c51c22ae468efa22200", size = 10890894, upload-time = "2026-07-07T13:52:17.005Z" }
wheels = [
    { url = "https://files.pythonhosted.org/packages/4e/13/1e5e3e4c15dcecb04281b3cb2a46a4670e1cef131068e202f6040df19224/django-5.2.16-py3-none-any.whl", hash = "sha256:04f354bf9d807a86ad1a8392fe3808d362358a8eafc322848e0e43e59b24371d", size = 8311943, upload-time = "2026-07-07T13:52:11.223Z" },
]

[[package]]
name = "django"
version = "6.0.7"
source = { registry = "https://pypi.org/simple" }
resolution-markers = [
    "python_full_version >= '3.12'",
]
dependencies = [
    { name = "asgiref", version = "3.12.1", source = { registry = "https://pypi.org/simple" } },
    { name = "sqlparse" },
    { name = "tzdata", marker = "sys_platform == 'win32'" },
]
sdist = { url = "https://files.pythonhosted.org/packages/89/55/664f24ff81c9ea19cb7dfc851afeae1f3c2390c7aee01d4ded68b5c1580d/django-6.0.7.tar.gz", hash = "sha256:2998503fc083124fb58037084bfa00de323c7c743f05f1b4284e77bff0ab8890", size = 10921299, upload-time = "2026-07-07T13:51:26.485Z" }
wheels = [
    { url = "https://files.pythonhosted.org/packages/ba/ec/1ce5334b6a2c52ce619c23a0be8d366a57a0e080ebb2d88266e5c849157c/django-6.0.7-py3-none-any.whl", hash = "sha256:a037427c2288443a8c02a1b02295a31c239663aa682bc50b1976afb7cf6a769e", size = 8373344, upload-time = "2026-07-07T13:51:20.007Z" },
]

[[package]]
name = "django-htmx"
version = "1.19.0"
source = { registry = "https://pypi.org/simple" }
resolution-markers = [
    "python_full_version < '3.9'",
]
dependencies = [
    { name = "asgiref", version = "3.8.1", source = { registry = "https://pypi.org/simple" } },
    { name = "django", version = "4.2.30", source = { registry = "https://pypi.org/simple" } },
]
sdist = { url = "https://files.pythonhosted.org/packages/c7/38/3b5b53b158f3e75da6b68f798514f1b533b0c88f87dd7bb59eb3e4836c32/django_htmx-1.19.0.tar.gz", hash = "sha256:e7e17304e78e07f96eca0affc3ce1806edfdf3538bb7cb1912452b101f3e627d", size = 9791, upload-time = "2024-08-05T16:03:36.489Z" }
wheels = [
    { url = "https://files.pythonhosted.org/packages/af/a8/831374e1b117c345ee63690186bfdc56ad0b578b0f5ad2361de65d82757e/django_htmx-1.19.0-py3-none-any.whl", hash = "sha256:875a642814e52278c1728842436beda2001847a493ab79fd82da3fb46ead140f", size = 6904, upload-time = "2024-08-05T16:03:35.366Z" },
]

[[package]]
name = "django-htmx"
version = "1.26.0"
source = { registry = "https://pypi.org/simple" }
resolution-markers = [
    "python_full_version == '3.9.*'",
]
dependencies = [
    { name = "asgiref", version = "3.11.1", source = { registry = "https://pypi.org/simple" } },
    { name = "django", version = "4.2.30", source = { registry = "https://pypi.org/simple" } },
]
sdist = { url = "https://files.pythonhosted.org/packages/e8/ea/3d0fb10e6ebbceab57b5e228c8ae5e4ebed3b6d6767d07468923ca000fa3/django_htmx-1.26.0.tar.gz", hash = "sha256:88ecc2f8a3f13ad5a50e6b16be127f04fba369124cc40a09b21ce33babb04aa6", size = 65345, upload-time = "2025-09-22T09:23:41.582Z" }
wheels = [
    { url = "https://files.pythonhosted.org/packages/dd/fc/dbbc54af504427f5f248a73cf9a2d40bfd22631bbf042d313563acc4d223/django_htmx-1.26.0-py3-none-any.whl", hash = "sha256:3a80ffaa6df5a07e833752cd8ada7cee0fa711787841ab17a805075b1aecacc7", size = 62122, upload-time = "2025-09-22T09:23:40.18Z" },
]

[[package]]
name = "django-htmx"
version = "1.28.0"
source = { registry = "https://pypi.org/simple" }
resolution-markers = [
    "python_full_version >= '3.12'",
    "python_full_version >= '3.10' and python_full_version < '3.12'",
]
dependencies = [
    { name = "asgiref", version = "3.12.1", source = { registry = "https://pypi.org/simple" } },
    { name = "django", version = "5.2.16", source = { registry = "https://pypi.org/simple" }, marker = "python_full_version < '3.12'" },
    { name = "django", version = "6.0.7", source = { registry = "https://pypi.org/simple" }, marker = "python_full_version >= '3.12'" },
]
sdist = { url = "https://files.pythonhosted.org/packages/47/d9/b31339fae8ede6a7cb0b9facaefe2ee4fc01d9f37a31a3dc03759765a2c3/django_htmx-1.28.0.tar.gz", hash = "sha256:699e229de0bbf19b3ee1a5d419702f5c154fa956e6921fec89faa7401b99e536", size = 100946, upload-time = "2026-07-12T22:19:19.589Z" }
wheels = [
    { url = "https://files.pythonhosted.org/packages/20/d5/71b3a206f7a2135e2ab4a789be143a00222b52d22729c84f480915049e94/django_htmx-1.28.0-py3-none-any.whl", hash = "sha256:e6911acccf3e7905d511c4fd6ab86fe06572205e80a0f32ca7aa94a115ae0619", size = 98588, upload-time = "2026-07-12T22:19:18.225Z" },
]

[[package]]
name = "lb-test-project"
version = "0.1.0"
source = { virtual = "lb_test_project" }
dependencies = [
    { name = "django", version = "4.2.30", source = { registry = "https://pypi.org/simple" }, marker = "python_full_version < '3.10'" },
    { name = "django", version = "5.2.16", source = { registry = "https://pypi.org/simple" }, marker = "python_full_version >= '3.10' and python_full_version < '3.12'" },
    { name = "django", version = "6.0.7", source = { registry = "https://pypi.org/simple" }, marker = "python_full_version >= '3.12'" },
    { name = "django-htmx", version = "1.19.0", source = { registry = "https://pypi.org/simple" }, marker = "python_full_version < '3.9'" },
    { name = "django-htmx", version = "1.26.0", source = { registry = "https://pypi.org/simple" }, marker = "python_full_version == '3.9.*'" },
    { name = "django-htmx", version = "1.28.0", source = { registry = "https://pypi.org/simple" }, marker = "python_full_version >= '3.10'" },
]

[package.metadata]
requires-dist = [
    { name = "django", specifier = ">=4.2.30" },
    { name = "django-htmx", specifier = ">=1.19.0" },
]

[[package]]
name = "logical-brutalism"
version = "1.4.0"
source = { editable = "." }

[[package]]
name = "sqlparse"
version = "0.5.5"
source = { registry = "https://pypi.org/simple" }
sdist = { url = "https://files.pythonhosted.org/packages/90/76/437d71068094df0726366574cf3432a4ed754217b436eb7429415cf2d480/sqlparse-0.5.5.tar.gz", hash = "sha256:e20d4a9b0b8585fdf63b10d30066c7c94c5d7a7ec47c889a2d83a3caa93ff28e", size = 120815, upload-time = "2025-12-19T07:17:45.073Z" }
wheels = [
    { url = "https://files.pythonhosted.org/packages/49/4b/359f28a903c13438ef59ebeee215fb25da53066db67b305c125f1c6d2a25/sqlparse-0.5.5-py3-none-any.whl", hash = "sha256:12a08b3bf3eec877c519589833aed092e2444e68240a3577e8e26148acc7b1ba", size = 46138, upload-time = "2025-12-19T07:17:46.573Z" },
]

[[package]]
name = "typing-extensions"
version = "4.13.2"
source = { registry = "https://pypi.org/simple" }
resolution-markers = [
    "python_full_version < '3.9'",
]
sdist = { url = "https://files.pythonhosted.org/packages/f6/37/23083fcd6e35492953e8d2aaaa68b860eb422b34627b13f2ce3eb6106061/typing_extensions-4.13.2.tar.gz", hash = "sha256:e6c81219bd689f51865d9e372991c540bda33a0379d5573cddb9a3a23f7caaef", size = 106967, upload-time = "2025-04-10T14:19:05.416Z" }
wheels = [
    { url = "https://files.pythonhosted.org/packages/8b/54/b1ae86c0973cc6f0210b53d508ca3641fb6d0c56823f288d108bc7ab3cc8/typing_extensions-4.13.2-py3-none-any.whl", hash = "sha256:a439e7c04b49fec3e5d3e2beaa21755cadbbdc391694e28ccdd36ca4a1408f8c", size = 45806, upload-time = "2025-04-10T14:19:03.967Z" },
]

[[package]]
name = "typing-extensions"
version = "4.16.0"
source = { registry = "https://pypi.org/simple" }
resolution-markers = [
    "python_full_version >= '3.10' and python_full_version < '3.12'",
    "python_full_version == '3.9.*'",
]
sdist = { url = "https://files.pythonhosted.org/packages/f6/cc/6253133b5bb138fc3306cebfbda2c520f545d36b5be2c7255cc528bb45d6/typing_extensions-4.16.0.tar.gz", hash = "sha256:dc983d19a509c94dba722ee6abd33940f7c05a89e243c47e907eb4db6f1a43e5", size = 113555, upload-time = "2026-07-02T08:40:05.92Z" }
wheels = [
    { url = "https://files.pythonhosted.org/packages/49/d3/b8441a820a491ddfc024b0b0cf0393375b75ea13866d9c66727e54c2fc80/typing_extensions-4.16.0-py3-none-any.whl", hash = "sha256:481caa481374e813c1b176ada14e97f1f67a4539ce9cfeb3f350d78d6370c2e8", size = 45571, upload-time = "2026-07-02T08:40:04.659Z" },
]

[[package]]
name = "tzdata"
version = "2026.3"
source = { registry = "https://pypi.org/simple" }
sdist = { url = "https://files.pythonhosted.org/packages/92/ff/5a28bdfd8c3ebec42564ac7d0e54ca3db65044a9314a97f9564fa7a1e926/tzdata-2026.3.tar.gz", hash = "sha256:4a1518b8993086a7982523e071643f3c0e5f213e75b21318e78bcabfff9d1415", size = 198674, upload-time = "2026-07-10T08:50:37.887Z" }
wheels = [
    { url = "https://files.pythonhosted.org/packages/e5/6d/b53b99a9f2766d095985947a5782f1702cabb129a34f7a802d7197af832f/tzdata-2026.3-py2.py3-none-any.whl", hash = "sha256:dc096730c87af6cab1b171c9d532be840741ff5d459015e7f6947bd7d7e54931", size = 348168, upload-time = "2026-07-10T08:50:36.46Z" },
]
